// !$*UTF8*$!
{
	archiveVersion = 1;
	classes = {
	};
	objectVersion = 55;
	objects = {

/* Begin PBXBuildFile section */
		5A4A369628AC8079000DAEBF /* Birthdays.swift in Sources */ = {isa = PBXBuildFile; fileRef = 5A4A369528AC8079000DAEBF /* Birthdays.swift */; };
		5A4A369828AC80CB000DAEBF /* CalendarNavigationView.swift in Sources */ = {isa = PBXBuildFile; fileRef = 5A4A369728AC80CB000DAEBF /* CalendarNavigationView.swift */; };
		5A4A369A28AC8304000DAEBF /* CalendarHelper.swift in Sources */ = {isa = PBXBuildFile; fileRef = 5A4A369928AC8304000DAEBF /* CalendarHelper.swift */; };
		5A4A369C28AC8D02000DAEBF /* CalendarCellView.swift in Sources */ = {isa = PBXBuildFile; fileRef = 5A4A369B28AC8D02000DAEBF /* CalendarCellView.swift */; };
		5A4A369E28AC8E2B000DAEBF /* MonthStruct.swift in Sources */ = {isa = PBXBuildFile; fileRef = 5A4A369D28AC8E2B000DAEBF /* MonthStruct.swift */; };
		5A762FE028834A4F00DBF350 /* BirthdayApp.swift in Sources */ = {isa = PBXBuildFile; fileRef = 5A762FDF28834A4F00DBF350 /* BirthdayApp.swift */; };
		5A762FE228834A4F00DBF350 /* MainAppView.swift in Sources */ = {isa = PBXBuildFile; fileRef = 5A762FE128834A4F00DBF350 /* MainAppView.swift */; };
		5A762FE428834A5300DBF350 /* Assets.xcassets in Resources */ = {isa = PBXBuildFile; fileRef = 5A762FE328834A5300DBF350 /* Assets.xcassets */; };
		5A762FE728834A5300DBF350 /* Preview Assets.xcassets in Resources */ = {isa = PBXBuildFile; fileRef = 5A762FE628834A5300DBF350 /* Preview Assets.xcassets */; };
		5A76306B288B8F5000DBF350 /* ProfileView.swift in Sources */ = {isa = PBXBuildFile; fileRef = 5A76306A288B8F5000DBF350 /* ProfileView.swift */; };
		5A76306D288B8F7100DBF350 /* BirthdaysView.swift in Sources */ = {isa = PBXBuildFile; fileRef = 5A76306C288B8F7100DBF350 /* BirthdaysView.swift */; };
		5A76306F288B91F200DBF350 /* CalendarView.swift in Sources */ = {isa = PBXBuildFile; fileRef = 5A76306E288B91F200DBF350 /* CalendarView.swift */; };
		5A763071288B95E900DBF350 /* ProfileInfoView.swift in Sources */ = {isa = PBXBuildFile; fileRef = 5A763070288B95E900DBF350 /* ProfileInfoView.swift */; };
		5A763073288B964400DBF350 /* UpcomingBirthdaysSectionView.swift in Sources */ = {isa = PBXBuildFile; fileRef = 5A763072288B964400DBF350 /* UpcomingBirthdaysSectionView.swift */; };
		5A763075288B965100DBF350 /* CalendarSectionView.swift in Sources */ = {isa = PBXBuildFile; fileRef = 5A763074288B965100DBF350 /* CalendarSectionView.swift */; };
		5A763078288B978900DBF350 /* DateHolder.swift in Sources */ = {isa = PBXBuildFile; fileRef = 5A763077288B978900DBF350 /* DateHolder.swift */; };
/* End PBXBuildFile section */

/* Begin PBXFileReference section */
		5A4A369528AC8079000DAEBF /* Birthdays.swift */ = {isa = PBXFileReference; lastKnownFileType = sourcecode.swift; path = Birthdays.swift; sourceTree = "<group>"; };
		5A4A369728AC80CB000DAEBF /* CalendarNavigationView.swift */ = {isa = PBXFileReference; lastKnownFileType = sourcecode.swift; path = CalendarNavigationView.swift; sourceTree = "<group>"; };
		5A4A369928AC8304000DAEBF /* CalendarHelper.swift */ = {isa = PBXFileReference; lastKnownFileType = sourcecode.swift; path = CalendarHelper.swift; sourceTree = "<group>"; };
		5A4A369B28AC8D02000DAEBF /* CalendarCellView.swift */ = {isa = PBXFileReference; lastKnownFileType = sourcecode.swift; path = CalendarCellView.swift; sourceTree = "<group>"; };
		5A4A369D28AC8E2B000DAEBF /* MonthStruct.swift */ = {isa = PBXFileReference; lastKnownFileType = sourcecode.swift; path = MonthStruct.swift; sourceTree = "<group>"; };
		5A762FDC28834A4F00DBF350 /* birthday-app.app */ = {isa = PBXFileReference; explicitFileType = wrapper.application; includeInIndex = 0; path = "birthday-app.app"; sourceTree = BUILT_PRODUCTS_DIR; };
		5A762FDF28834A4F00DBF350 /* BirthdayApp.swift */ = {isa = PBXFileReference; lastKnownFileType = sourcecode.swift; path = BirthdayApp.swift; sourceTree = "<group>"; };
		5A762FE128834A4F00DBF350 /* MainAppView.swift */ = {isa = PBXFileReference; lastKnownFileType = sourcecode.swift; path = MainAppView.swift; sourceTree = "<group>"; };
		5A762FE328834A5300DBF350 /* Assets.xcassets */ = {isa = PBXFileReference; lastKnownFileType = folder.assetcatalog; path = Assets.xcassets; sourceTree = "<group>"; };
		5A762FE628834A5300DBF350 /* Preview Assets.xcassets */ = {isa = PBXFileReference; lastKnownFileType = folder.assetcatalog; path = "Preview Assets.xcassets"; sourceTree = "<group>"; };
		5A76306A288B8F5000DBF350 /* ProfileView.swift */ = {isa = PBXFileReference; lastKnownFileType = sourcecode.swift; path = ProfileView.swift; sourceTree = "<group>"; };
		5A76306C288B8F7100DBF350 /* BirthdaysView.swift */ = {isa = PBXFileReference; lastKnownFileType = sourcecode.swift; path = BirthdaysView.swift; sourceTree = "<group>"; };
		5A76306E288B91F200DBF350 /* CalendarView.swift */ = {isa = PBXFileReference; lastKnownFileType = sourcecode.swift; path = CalendarView.swift; sourceTree = "<group>"; };
		5A763070288B95E900DBF350 /* ProfileInfoView.swift */ = {isa = PBXFileReference; lastKnownFileType = sourcecode.swift; path = ProfileInfoView.swift; sourceTree = "<group>"; };
		5A763072288B964400DBF350 /* UpcomingBirthdaysSectionView.swift */ = {isa = PBXFileReference; lastKnownFileType = sourcecode.swift; path = UpcomingBirthdaysSectionView.swift; sourceTree = "<group>"; };
		5A763074288B965100DBF350 /* CalendarSectionView.swift */ = {isa = PBXFileReference; lastKnownFileType = sourcecode.swift; path = CalendarSectionView.swift; sourceTree = "<group>"; };
		5A763077288B978900DBF350 /* DateHolder.swift */ = {isa = PBXFileReference; lastKnownFileType = sourcecode.swift; path = DateHolder.swift; sourceTree = "<group>"; };
/* End PBXFileReference section */

/* Begin PBXFrameworksBuildPhase section */
		5A762FD928834A4F00DBF350 /* Frameworks */ = {
			isa = PBXFrameworksBuildPhase;
			buildActionMask = 2147483647;
			files = (
			);
			runOnlyForDeploymentPostprocessing = 0;
		};
/* End PBXFrameworksBuildPhase section */

/* Begin PBXGroup section */
		5A762FD328834A4F00DBF350 = {
			isa = PBXGroup;
			children = (
				5A762FDE28834A4F00DBF350 /* birthday-app */,
				5A762FDD28834A4F00DBF350 /* Products */,
			);
			sourceTree = "<group>";
		};
		5A762FDD28834A4F00DBF350 /* Products */ = {
			isa = PBXGroup;
			children = (
				5A762FDC28834A4F00DBF350 /* birthday-app.app */,
			);
			name = Products;
			sourceTree = "<group>";
		};
		5A762FDE28834A4F00DBF350 /* birthday-app */ = {
			isa = PBXGroup;
			children = (
				5A763076288B977500DBF350 /* Models */,
				5A762FDF28834A4F00DBF350 /* BirthdayApp.swift */,
				5A762FE128834A4F00DBF350 /* MainAppView.swift */,
				5A76306A288B8F5000DBF350 /* ProfileView.swift */,
				5A763070288B95E900DBF350 /* ProfileInfoView.swift */,
				5A76306C288B8F7100DBF350 /* BirthdaysView.swift */,
				5A76306E288B91F200DBF350 /* CalendarView.swift */,
				5A763072288B964400DBF350 /* UpcomingBirthdaysSectionView.swift */,
				5A763074288B965100DBF350 /* CalendarSectionView.swift */,
				5A4A369B28AC8D02000DAEBF /* CalendarCellView.swift */,
				5A4A369728AC80CB000DAEBF /* CalendarNavigationView.swift */,
				5A762FE328834A5300DBF350 /* Assets.xcassets */,
				5A762FE528834A5300DBF350 /* Preview Content */,
			);
			path = "birthday-app";
			sourceTree = "<group>";
		};
		5A762FE528834A5300DBF350 /* Preview Content */ = {
			isa = PBXGroup;
			children = (
				5A762FE628834A5300DBF350 /* Preview Assets.xcassets */,
			);
			path = "Preview Content";
			sourceTree = "<group>";
		};
		5A763076288B977500DBF350 /* Models */ = {
			isa = PBXGroup;
			children = (
				5A763077288B978900DBF350 /* DateHolder.swift */,
				5A4A369D28AC8E2B000DAEBF /* MonthStruct.swift */,
				5A4A369528AC8079000DAEBF /* Birthdays.swift */,
				5A4A369928AC8304000DAEBF /* CalendarHelper.swift */,
			);
			path = Models;
			sourceTree = "<group>";
		};
/* End PBXGroup section */

/* Begin PBXNativeTarget section */
		5A762FDB28834A4F00DBF350 /* birthday-app */ = {
			isa = PBXNativeTarget;
			buildConfigurationList = 5A762FEA28834A5300DBF350 /* Build configuration list for PBXNativeTarget "birthday-app" */;
			buildPhases = (
				5A762FD828834A4F00DBF350 /* Sources */,
				5A762FD928834A4F00DBF350 /* Frameworks */,
				5A762FDA28834A4F00DBF350 /* Resources */,
			);
			buildRules = (
			);
			dependencies = (
			);
			name = "birthday-app";
			productName = "birthday-app";
			productReference = 5A762FDC28834A4F00DBF350 /* birthday-app.app */;
			productType = "com.apple.product-type.application";
		};
/* End PBXNativeTarget section */

/* Begin PBXProject section */
		5A762FD428834A4F00DBF350 /* Project object */ = {
			isa = PBXProject;
			attributes = {
				BuildIndependentTargetsInParallel = 1;
				LastSwiftUpdateCheck = 1320;
				LastUpgradeCheck = 1320;
				TargetAttributes = {
					5A762FDB28834A4F00DBF350 = {
						CreatedOnToolsVersion = 13.2.1;
					};
				};
			};
			buildConfigurationList = 5A762FD728834A4F00DBF350 /* Build configuration list for PBXProject "birthday-app" */;
			compatibilityVersion = "Xcode 13.0";
			developmentRegion = en;
			hasScannedForEncodings = 0;
			knownRegions = (
				en,
				Base,
			);
			mainGroup = 5A762FD328834A4F00DBF350;
			productRefGroup = 5A762FDD28834A4F00DBF350 /* Products */;
			projectDirPath = "";
			projectRoot = "";
			targets = (
				5A762FDB28834A4F00DBF350 /* birthday-app */,
			);
		};
/* End PBXProject section */

/* Begin PBXResourcesBuildPhase section */
		5A762FDA28834A4F00DBF350 /* Resources */ = {
			isa = PBXResourcesBuildPhase;
			buildActionMask = 2147483647;
			files = (
				5A762FE728834A5300DBF350 /* Preview Assets.xcassets in Resources */,
				5A762FE428834A5300DBF350 /* Assets.xcassets in Resources */,
			);
			runOnlyForDeploymentPostprocessing = 0;
		};
/* End PBXResourcesBuildPhase section */

/* Begin PBXSourcesBuildPhase section */
		5A762FD828834A4F00DBF350 /* Sources */ = {
			isa = PBXSourcesBuildPhase;
			buildActionMask = 2147483647;
			files = (
				5A763071288B95E900DBF350 /* ProfileInfoView.swift in Sources */,
				5A4A369A28AC8304000DAEBF /* CalendarHelper.swift in Sources */,
				5A76306F288B91F200DBF350 /* CalendarView.swift in Sources */,
				5A762FE228834A4F00DBF350 /* MainAppView.swift in Sources */,
				5A76306B288B8F5000DBF350 /* ProfileView.swift in Sources */,
				5A4A369C28AC8D02000DAEBF /* CalendarCellView.swift in Sources */,
				5A76306D288B8F7100DBF350 /* BirthdaysView.swift in Sources */,
				5A763073288B964400DBF350 /* UpcomingBirthdaysSectionView.swift in Sources */,
				5A4A369628AC8079000DAEBF /* Birthdays.swift in Sources */,
				5A4A369E28AC8E2B000DAEBF /* MonthStruct.swift in Sources */,
				5A763075288B965100DBF350 /* CalendarSectionView.swift in Sources */,
				5A4A369828AC80CB000DAEBF /* CalendarNavigationView.swift in Sources */,
				5A763078288B978900DBF350 /* DateHolder.swift in Sources */,
				5A762FE028834A4F00DBF350 /* BirthdayApp.swift in Sources */,
			);
			runOnlyForDeploymentPostprocessing = 0;
		};
/* End PBXSourcesBuildPhase section */

/* Begin XCBuildConfiguration section */
		5A762FE828834A5300DBF350 /* Debug */ = {
			isa = XCBuildConfiguration;
			buildSettings = {
				ALWAYS_SEARCH_USER_PATHS = NO;
				CLANG_ANALYZER_NONNULL = YES;
				CLANG_ANALYZER_NUMBER_OBJECT_CONVERSION = YES_AGGRESSIVE;
				CLANG_CXX_LANGUAGE_STANDARD = "gnu++17";
				CLANG_CXX_LIBRARY = "libc++";
				CLANG_ENABLE_MODULES = YES;
				CLANG_ENABLE_OBJC_ARC = YES;
				CLANG_ENABLE_OBJC_WEAK = YES;
				CLANG_WARN_BLOCK_CAPTURE_AUTORELEASING = YES;
				CLANG_WARN_BOOL_CONVERSION = YES;
				CLANG_WARN_COMMA = YES;
				CLANG_WARN_CONSTANT_CONVERSION = YES;
				CLANG_WARN_DEPRECATED_OBJC_IMPLEMENTATIONS = YES;
				CLANG_WARN_DIRECT_OBJC_ISA_USAGE = YES_ERROR;
				CLANG_WARN_DOCUMENTATION_COMMENTS = YES;
				CLANG_WARN_EMPTY_BODY = YES;
				CLANG_WARN_ENUM_CONVERSION = YES;
				CLANG_WARN_INFINITE_RECURSION = YES;
				CLANG_WARN_INT_CONVERSION = YES;
				CLANG_WARN_NON_LITERAL_NULL_CONVERSION = YES;
				CLANG_WARN_OBJC_IMPLICIT_RETAIN_SELF = YES;
				CLANG_WARN_OBJC_LITERAL_CONVERSION = YES;
				CLANG_WARN_OBJC_ROOT_CLASS = YES_ERROR;
				CLANG_WARN_QUOTED_INCLUDE_IN_FRAMEWORK_HEADER = YES;
				CLANG_WARN_RANGE_LOOP_ANALYSIS = YES;
				CLANG_WARN_STRICT_PROTOTYPES = YES;
				CLANG_WARN_SUSPICIOUS_MOVE = YES;
				CLANG_WARN_UNGUARDED_AVAILABILITY = YES_AGGRESSIVE;
				CLANG_WARN_UNREACHABLE_CODE = YES;
				CLANG_WARN__DUPLICATE_METHOD_MATCH = YES;
				COPY_PHASE_STRIP = NO;
				DEBUG_INFORMATION_FORMAT = dwarf;
				ENABLE_STRICT_OBJC_MSGSEND = YES;
				ENABLE_TESTABILITY = YES;
				GCC_C_LANGUAGE_STANDARD = gnu11;
				GCC_DYNAMIC_NO_PIC = NO;
				GCC_NO_COMMON_BLOCKS = YES;
				GCC_OPTIMIZATION_LEVEL = 0;
				GCC_PREPROCESSOR_DEFINITIONS = (
					"DEBUG=1",
					"$(inherited)",
				);
				GCC_WARN_64_TO_32_BIT_CONVERSION = YES;
				GCC_WARN_ABOUT_RETURN_TYPE = YES_ERROR;
				GCC_WARN_UNDECLARED_SELECTOR = YES;
				GCC_WARN_UNINITIALIZED_AUTOS = YES_AGGRESSIVE;
				GCC_WARN_UNUSED_FUNCTION = YES;
				GCC_WARN_UNUSED_VARIABLE = YES;
				IPHONEOS_DEPLOYMENT_TARGET = 15.2;
				MTL_ENABLE_DEBUG_INFO = INCLUDE_SOURCE;
				MTL_FAST_MATH = YES;
				ONLY_ACTIVE_ARCH = YES;
				SDKROOT = iphoneos;
				SWIFT_ACTIVE_COMPILATION_CONDITIONS = DEBUG;
				SWIFT_OPTIMIZATION_LEVEL = "-Onone";
			};
			name = Debug;
		};
		5A762FE928834A5300DBF350 /* Release */ = {
			isa = XCBuildConfiguration;
			buildSettings = {
				ALWAYS_SEARCH_USER_PATHS = NO;
				CLANG_ANALYZER_NONNULL = YES;
				CLANG_ANALYZER_NUMBER_OBJECT_CONVERSION = YES_AGGRESSIVE;
				CLANG_CXX_LANGUAGE_STANDARD = "gnu++17";
				CLANG_CXX_LIBRARY = "libc++";
				CLANG_ENABLE_MODULES = YES;
				CLANG_ENABLE_OBJC_ARC = YES;
				CLANG_ENABLE_OBJC_WEAK = YES;
				CLANG_WARN_BLOCK_CAPTURE_AUTORELEASING = YES;
				CLANG_WARN_BOOL_CONVERSION = YES;
				CLANG_WARN_COMMA = YES;
				CLANG_WARN_CONSTANT_CONVERSION = YES;
				CLANG_WARN_DEPRECATED_OBJC_IMPLEMENTATIONS = YES;
				CLANG_WARN_DIRECT_OBJC_ISA_USAGE = YES_ERROR;
				CLANG_WARN_DOCUMENTATION_COMMENTS = YES;
				CLANG_WARN_EMPTY_BODY = YES;
				CLANG_WARN_ENUM_CONVERSION = YES;
				CLANG_WARN_INFINITE_RECURSION = YES;
				CLANG_WARN_INT_CONVERSION = YES;
				CLANG_WARN_NON_LITERAL_NULL_CONVERSION = YES;
				CLANG_WARN_OBJC_IMPLICIT_RETAIN_SELF = YES;
				CLANG_WARN_OBJC_LITERAL_CONVERSION = YES;
				CLANG_WARN_OBJC_ROOT_CLASS = YES_ERROR;
				CLANG_WARN_QUOTED_INCLUDE_IN_FRAMEWORK_HEADER = YES;
				CLANG_WARN_RANGE_LOOP_ANALYSIS = YES;
				CLANG_WARN_STRICT_PROTOTYPES = YES;
				CLANG_WARN_SUSPICIOUS_MOVE = YES;
				CLANG_WARN_UNGUARDED_AVAILABILITY = YES_AGGRESSIVE;
				CLANG_WARN_UNREACHABLE_CODE = YES;
				CLANG_WARN__DUPLICATE_METHOD_MATCH = YES;
				COPY_PHASE_STRIP = NO;
				DEBUG_INFORMATION_FORMAT = "dwarf-with-dsym";
				ENABLE_NS_ASSERTIONS = NO;
				ENABLE_STRICT_OBJC_MSGSEND = YES;
				GCC_C_LANGUAGE_STANDARD = gnu11;
				GCC_NO_COMMON_BLOCKS = YES;
				GCC_WARN_64_TO_32_BIT_CONVERSION = YES;
				GCC_WARN_ABOUT_RETURN_TYPE = YES_ERROR;
				GCC_WARN_UNDECLARED_SELECTOR = YES;
				GCC_WARN_UNINITIALIZED_AUTOS = YES_AGGRESSIVE;
				GCC_WARN_UNUSED_FUNCTION = YES;
				GCC_WARN_UNUSED_VARIABLE = YES;
				IPHONEOS_DEPLOYMENT_TARGET = 15.2;
				MTL_ENABLE_DEBUG_INFO = NO;
				MTL_FAST_MATH = YES;
				SDKROOT = iphoneos;
				SWIFT_COMPILATION_MODE = wholemodule;
				SWIFT_OPTIMIZATION_LEVEL = "-O";
				VALIDATE_PRODUCT = YES;
			};
			name = Release;
		};
		5A762FEB28834A5300DBF350 /* Debug */ = {
			isa = XCBuildConfiguration;
			buildSettings = {
				ASSETCATALOG_COMPILER_APPICON_NAME = AppIcon;
				ASSETCATALOG_COMPILER_GLOBAL_ACCENT_COLOR_NAME = AccentColor;
				CODE_SIGN_STYLE = Automatic;
				CURRENT_PROJECT_VERSION = 1;
				DEVELOPMENT_ASSET_PATHS = "\"birthday-app/Preview Content\"";
				DEVELOPMENT_TEAM = RUT5Z2DK5N;
				ENABLE_PREVIEWS = YES;
				GENERATE_INFOPLIST_FILE = YES;
				INFOPLIST_KEY_UIApplicationSceneManifest_Generation = YES;
				INFOPLIST_KEY_UIApplicationSupportsIndirectInputEvents = YES;
				INFOPLIST_KEY_UILaunchScreen_Generation = YES;
				INFOPLIST_KEY_UISupportedInterfaceOrientations_iPad = "UIInterfaceOrientationPortrait UIInterfaceOrientationPortraitUpsideDown UIInterfaceOrientationLandscapeLeft UIInterfaceOrientationLandscapeRight";
				INFOPLIST_KEY_UISupportedInterfaceOrientations_iPhone = "UIInterfaceOrientationPortrait UIInterfaceOrientationLandscapeLeft UIInterfaceOrientationLandscapeRight";
				LD_RUNPATH_SEARCH_PATHS = (
					"$(inherited)",
					"@executable_path/Frameworks",
				);
				MARKETING_VERSION = 1.0;
				PRODUCT_BUNDLE_IDENTIFIER = "meredithheller.birthday-app";
				PRODUCT_NAME = "$(TARGET_NAME)";
				SWIFT_EMIT_LOC_STRINGS = YES;
				SWIFT_VERSION = 5.0;
				TARGETED_DEVICE_FAMILY = "1,2";
			};
			name = Debug;
		};
		5A762FEC28834A5300DBF350 /* Release */ = {
			isa = XCBuildConfiguration;
			buildSettings = {
				ASSETCATALOG_COMPILER_APPICON_NAME = AppIcon;
				ASSETCATALOG_COMPILER_GLOBAL_ACCENT_COLOR_NAME = AccentColor;
				CODE_SIGN_STYLE = Automatic;
				CURRENT_PROJECT_VERSION = 1;
				DEVELOPMENT_ASSET_PATHS = "\"birthday-app/Preview Content\"";
				DEVELOPMENT_TEAM = RUT5Z2DK5N;
				ENABLE_PREVIEWS = YES;
				GENERATE_INFOPLIST_FILE = YES;
				INFOPLIST_KEY_UIApplicationSceneManifest_Generation = YES;
				INFOPLIST_KEY_UIApplicationSupportsIndirectInputEvents = YES;
				INFOPLIST_KEY_UILaunchScreen_Generation = YES;
				INFOPLIST_KEY_UISupportedInterfaceOrientations_iPad = "UIInterfaceOrientationPortrait UIInterfaceOrientationPortraitUpsideDown UIInterfaceOrientationLandscapeLeft UIInterfaceOrientationLandscapeRight";
				INFOPLIST_KEY_UISupportedInterfaceOrientations_iPhone = "UIInterfaceOrientationPortrait UIInterfaceOrientationLandscapeLeft UIInterfaceOrientationLandscapeRight";
				LD_RUNPATH_SEARCH_PATHS = (
					"$(inherited)",
					"@executable_path/Frameworks",
				);
				MARKETING_VERSION = 1.0;
				PRODUCT_BUNDLE_IDENTIFIER = "meredithheller.birthday-app";
				PRODUCT_NAME = "$(TARGET_NAME)";
				SWIFT_EMIT_LOC_STRINGS = YES;
				SWIFT_VERSION = 5.0;
				TARGETED_DEVICE_FAMILY = "1,2";
			};
			name = Release;
		};
/* End XCBuildConfiguration section */

/* Begin XCConfigurationList section */
		5A762FD728834A4F00DBF350 /* Build configuration list for PBXProject "birthday-app" */ = {
			isa = XCConfigurationList;
			buildConfigurations = (
				5A762FE828834A5300DBF350 /* Debug */,
				5A762FE928834A5300DBF350 /* Release */,
			);
			defaultConfigurationIsVisible = 0;
			defaultConfigurationName = Release;
		};
		5A762FEA28834A5300DBF350 /* Build configuration list for PBXNativeTarget "birthday-app" */ = {
			isa = XCConfigurationList;
			buildConfigurations = (
				5A762FEB28834A5300DBF350 /* Debug */,
				5A762FEC28834A5300DBF350 /* Release */,
			);
			defaultConfigurationIsVisible = 0;
			defaultConfigurationName = Release;
		};
/* End XCConfigurationList section */
	};
	rootObject = 5A762FD428834A4F00DBF350 /* Project object */;
}
